# generated by rye
# use `rye lock` or `rye sync` to update this lockfile
#
# last locked with the following flags:
#   pre: false
#   features: []
#   all-features: false
#   with-sources: false
#   generate-hashes: false
#   universal: false

-e file:.
annotated-types==0.7.0
    # via pydantic
asgiref==3.8.1
    # via django
attrs==24.2.0
    # via jsonschema
    # via referencing
cffi==1.17.1
    # via cryptography
cryptography==43.0.1
    # via djangorestframework-simplejwt
django==5.1.2
    # via djangoplay
    # via djangorestframework
    # via djangorestframework-simplejwt
    # via drf-spectacular
djangorestframework==3.15.2
    # via djangoplay
    # via djangorestframework-simplejwt
    # via drf-spectacular
djangorestframework-simplejwt==5.3.1
    # via djangoplay
drf-spectacular==0.27.2
    # via djangoplay
inflection==0.5.1
    # via drf-spectacular
jsonschema==4.23.0
    # via drf-spectacular
jsonschema-specifications==2024.10.1
    # via jsonschema
polars==1.9.0
    # via djangoplay
psycopg2-binary==2.9.9
    # via djangoplay
pycparser==2.22
    # via cffi
pydantic==2.9.2
    # via djangoplay
pydantic-core==2.23.4
    # via pydantic
pyjwt==2.9.0
    # via djangorestframework-simplejwt
pyyaml==6.0.2
    # via drf-spectacular
referencing==0.35.1
    # via jsonschema
    # via jsonschema-specifications
rpds-py==0.20.0
    # via jsonschema
    # via referencing
sqlparse==0.5.1
    # via django
typing-extensions==4.12.2
    # via pydantic
    # via pydantic-core
uritemplate==4.1.1
    # via drf-spectacular
