# generated by rye
# use `rye lock` or `rye sync` to update this lockfile
#
# last locked with the following flags:
#   pre: false
#   features: []
#   all-features: false
#   with-sources: false
#   generate-hashes: false
#   universal: false

-e file:.
asgiref==3.8.1
    # via django
attrs==24.2.0
    # via jsonschema
    # via referencing
django==5.1.2
    # via djangoplay
    # via djangorestframework
    # via drf-spectacular
djangorestframework==3.15.2
    # via djangoplay
    # via drf-spectacular
drf-spectacular==0.27.2
    # via djangoplay
inflection==0.5.1
    # via drf-spectacular
jsonschema==4.23.0
    # via drf-spectacular
jsonschema-specifications==2024.10.1
    # via jsonschema
psycopg2-binary==2.9.9
    # via djangoplay
pyyaml==6.0.2
    # via drf-spectacular
referencing==0.35.1
    # via jsonschema
    # via jsonschema-specifications
rpds-py==0.20.0
    # via jsonschema
    # via referencing
sqlparse==0.5.1
    # via django
uritemplate==4.1.1
    # via drf-spectacular
